// !$*UTF8*$!
{
	archiveVersion = 1;
	classes = {
	};
	objectVersion = 50;
	objects = {

/* Begin PBXBuildFile section */
		B4A932272380875D00667AC5 /* AppDelegate.swift in Sources */ = {isa = PBXBuildFile; fileRef = B4A932262380875D00667AC5 /* AppDelegate.swift */; };
		B4A932292380875D00667AC5 /* SceneDelegate.swift in Sources */ = {isa = PBXBuildFile; fileRef = B4A932282380875D00667AC5 /* SceneDelegate.swift */; };
		B4A9322B2380875D00667AC5 /* HomeViewController.swift in Sources */ = {isa = PBXBuildFile; fileRef = B4A9322A2380875D00667AC5 /* HomeViewController.swift */; };
		B4A9322E2380875D00667AC5 /* Main.storyboard in Resources */ = {isa = PBXBuildFile; fileRef = B4A9322C2380875D00667AC5 /* Main.storyboard */; };
		B4A932302380876100667AC5 /* Assets.xcassets in Resources */ = {isa = PBXBuildFile; fileRef = B4A9322F2380876100667AC5 /* Assets.xcassets */; };
		B4A932332380876100667AC5 /* LaunchScreen.storyboard in Resources */ = {isa = PBXBuildFile; fileRef = B4A932312380876100667AC5 /* LaunchScreen.storyboard */; };
		B4A932402380930E00667AC5 /* EventsViewController.swift in Sources */ = {isa = PBXBuildFile; fileRef = B4A9323E2380930E00667AC5 /* EventsViewController.swift */; };
		B4A932412380930E00667AC5 /* EventsViewController.xib in Resources */ = {isa = PBXBuildFile; fileRef = B4A9323F2380930E00667AC5 /* EventsViewController.xib */; };
		B4A93246238098C600667AC5 /* EventTableViewCell.swift in Sources */ = {isa = PBXBuildFile; fileRef = B4A93244238098C600667AC5 /* EventTableViewCell.swift */; };
		B4A93247238098C600667AC5 /* EventTableViewCell.xib in Resources */ = {isa = PBXBuildFile; fileRef = B4A93245238098C600667AC5 /* EventTableViewCell.xib */; };
		B4A9324923809B9E00667AC5 /* Event.swift in Sources */ = {isa = PBXBuildFile; fileRef = B4A9324823809B9E00667AC5 /* Event.swift */; };
		B4A9324B23809C2A00667AC5 /* EventsModelController.swift in Sources */ = {isa = PBXBuildFile; fileRef = B4A9324A23809C2A00667AC5 /* EventsModelController.swift */; };
/* End PBXBuildFile section */

/* Begin PBXFileReference section */
		B4A932232380875D00667AC5 /* MusicEvents.app */ = {isa = PBXFileReference; explicitFileType = wrapper.application; includeInIndex = 0; path = MusicEvents.app; sourceTree = BUILT_PRODUCTS_DIR; };
		B4A932262380875D00667AC5 /* AppDelegate.swift */ = {isa = PBXFileReference; lastKnownFileType = sourcecode.swift; path = AppDelegate.swift; sourceTree = "<group>"; };
		B4A932282380875D00667AC5 /* SceneDelegate.swift */ = {isa = PBXFileReference; lastKnownFileType = sourcecode.swift; path = SceneDelegate.swift; sourceTree = "<group>"; };
		B4A9322A2380875D00667AC5 /* HomeViewController.swift */ = {isa = PBXFileReference; lastKnownFileType = sourcecode.swift; path = HomeViewController.swift; sourceTree = "<group>"; };
		B4A9322D2380875D00667AC5 /* Base */ = {isa = PBXFileReference; lastKnownFileType = file.storyboard; name = Base; path = Base.lproj/Main.storyboard; sourceTree = "<group>"; };
		B4A9322F2380876100667AC5 /* Assets.xcassets */ = {isa = PBXFileReference; lastKnownFileType = folder.assetcatalog; path = Assets.xcassets; sourceTree = "<group>"; };
		B4A932322380876100667AC5 /* Base */ = {isa = PBXFileReference; lastKnownFileType = file.storyboard; name = Base; path = Base.lproj/LaunchScreen.storyboard; sourceTree = "<group>"; };
		B4A932342380876100667AC5 /* Info.plist */ = {isa = PBXFileReference; lastKnownFileType = text.plist.xml; path = Info.plist; sourceTree = "<group>"; };
		B4A9323E2380930E00667AC5 /* EventsViewController.swift */ = {isa = PBXFileReference; lastKnownFileType = sourcecode.swift; path = EventsViewController.swift; sourceTree = "<group>"; };
		B4A9323F2380930E00667AC5 /* EventsViewController.xib */ = {isa = PBXFileReference; lastKnownFileType = file.xib; path = EventsViewController.xib; sourceTree = "<group>"; };
		B4A93244238098C600667AC5 /* EventTableViewCell.swift */ = {isa = PBXFileReference; lastKnownFileType = sourcecode.swift; path = EventTableViewCell.swift; sourceTree = "<group>"; };
		B4A93245238098C600667AC5 /* EventTableViewCell.xib */ = {isa = PBXFileReference; lastKnownFileType = file.xib; path = EventTableViewCell.xib; sourceTree = "<group>"; };
		B4A9324823809B9E00667AC5 /* Event.swift */ = {isa = PBXFileReference; lastKnownFileType = sourcecode.swift; path = Event.swift; sourceTree = "<group>"; };
		B4A9324A23809C2A00667AC5 /* EventsModelController.swift */ = {isa = PBXFileReference; lastKnownFileType = sourcecode.swift; path = EventsModelController.swift; sourceTree = "<group>"; };
/* End PBXFileReference section */

/* Begin PBXFrameworksBuildPhase section */
		B4A932202380875D00667AC5 /* Frameworks */ = {
			isa = PBXFrameworksBuildPhase;
			buildActionMask = 2147483647;
			files = (
			);
			runOnlyForDeploymentPostprocessing = 0;
		};
/* End PBXFrameworksBuildPhase section */

/* Begin PBXGroup section */
		B4A9321A2380875D00667AC5 = {
			isa = PBXGroup;
			children = (
				B4A932252380875D00667AC5 /* MusicEvents */,
				B4A932242380875D00667AC5 /* Products */,
			);
			sourceTree = "<group>";
		};
		B4A932242380875D00667AC5 /* Products */ = {
			isa = PBXGroup;
			children = (
				B4A932232380875D00667AC5 /* MusicEvents.app */,
			);
			name = Products;
			sourceTree = "<group>";
		};
		B4A932252380875D00667AC5 /* MusicEvents */ = {
			isa = PBXGroup;
			children = (
				B4A9323D238089AB00667AC5 /* App */,
				B4A9323C2380899F00667AC5 /* Controllers */,
				B4A9323B2380899900667AC5 /* Views */,
				B4A9323A2380898600667AC5 /* Models */,
				B4A9322F2380876100667AC5 /* Assets.xcassets */,
				B4A932342380876100667AC5 /* Info.plist */,
			);
			path = MusicEvents;
			sourceTree = "<group>";
		};
		B4A9323A2380898600667AC5 /* Models */ = {
			isa = PBXGroup;
			children = (
				B4A9324823809B9E00667AC5 /* Event.swift */,
				B4A9324A23809C2A00667AC5 /* EventsModelController.swift */,
			);
			path = Models;
			sourceTree = "<group>";
		};
		B4A9323B2380899900667AC5 /* Views */ = {
			isa = PBXGroup;
			children = (
				B4A93243238095AB00667AC5 /* Events */,
				B4A932422380959C00667AC5 /* Home */,
				B4A932312380876100667AC5 /* LaunchScreen.storyboard */,
			);
			path = Views;
			sourceTree = "<group>";
		};
		B4A9323C2380899F00667AC5 /* Controllers */ = {
			isa = PBXGroup;
			children = (
			);
			path = Controllers;
			sourceTree = "<group>";
		};
		B4A9323D238089AB00667AC5 /* App */ = {
			isa = PBXGroup;
			children = (
				B4A932262380875D00667AC5 /* AppDelegate.swift */,
				B4A932282380875D00667AC5 /* SceneDelegate.swift */,
			);
			path = App;
			sourceTree = "<group>";
		};
		B4A932422380959C00667AC5 /* Home */ = {
			isa = PBXGroup;
			children = (
				B4A9322A2380875D00667AC5 /* HomeViewController.swift */,
				B4A9322C2380875D00667AC5 /* Main.storyboard */,
			);
			path = Home;
			sourceTree = "<group>";
		};
		B4A93243238095AB00667AC5 /* Events */ = {
			isa = PBXGroup;
			children = (
				B4A9323E2380930E00667AC5 /* EventsViewController.swift */,
				B4A9323F2380930E00667AC5 /* EventsViewController.xib */,
				B4A93244238098C600667AC5 /* EventTableViewCell.swift */,
				B4A93245238098C600667AC5 /* EventTableViewCell.xib */,
			);
			path = Events;
			sourceTree = "<group>";
		};
/* End PBXGroup section */

/* Begin PBXNativeTarget section */
		B4A932222380875D00667AC5 /* MusicEvents */ = {
			isa = PBXNativeTarget;
			buildConfigurationList = B4A932372380876100667AC5 /* Build configuration list for PBXNativeTarget "MusicEvents" */;
			buildPhases = (
				B4A9321F2380875D00667AC5 /* Sources */,
				B4A932202380875D00667AC5 /* Frameworks */,
				B4A932212380875D00667AC5 /* Resources */,
			);
			buildRules = (
			);
			dependencies = (
			);
			name = MusicEvents;
			productName = MusicEvents;
			productReference = B4A932232380875D00667AC5 /* MusicEvents.app */;
			productType = "com.apple.product-type.application";
		};
/* End PBXNativeTarget section */

/* Begin PBXProject section */
		B4A9321B2380875D00667AC5 /* Project object */ = {
			isa = PBXProject;
			attributes = {
				LastSwiftUpdateCheck = 1120;
				LastUpgradeCheck = 1120;
				ORGANIZATIONNAME = "I Dev TV";
				TargetAttributes = {
					B4A932222380875D00667AC5 = {
						CreatedOnToolsVersion = 11.2;
					};
				};
			};
			buildConfigurationList = B4A9321E2380875D00667AC5 /* Build configuration list for PBXProject "MusicEvents" */;
			compatibilityVersion = "Xcode 9.3";
			developmentRegion = en;
			hasScannedForEncodings = 0;
			knownRegions = (
				en,
				Base,
			);
			mainGroup = B4A9321A2380875D00667AC5;
			productRefGroup = B4A932242380875D00667AC5 /* Products */;
			projectDirPath = "";
			projectRoot = "";
			targets = (
				B4A932222380875D00667AC5 /* MusicEvents */,
			);
		};
/* End PBXProject section */

/* Begin PBXResourcesBuildPhase section */
		B4A932212380875D00667AC5 /* Resources */ = {
			isa = PBXResourcesBuildPhase;
			buildActionMask = 2147483647;
			files = (
				B4A93247238098C600667AC5 /* EventTableViewCell.xib in Resources */,
				B4A932332380876100667AC5 /* LaunchScreen.storyboard in Resources */,
				B4A932412380930E00667AC5 /* EventsViewController.xib in Resources */,
				B4A932302380876100667AC5 /* Assets.xcassets in Resources */,
				B4A9322E2380875D00667AC5 /* Main.storyboard in Resources */,
			);
			runOnlyForDeploymentPostprocessing = 0;
		};
/* End PBXResourcesBuildPhase section */

/* Begin PBXSourcesBuildPhase section */
		B4A9321F2380875D00667AC5 /* Sources */ = {
			isa = PBXSourcesBuildPhase;
			buildActionMask = 2147483647;
			files = (
				B4A9322B2380875D00667AC5 /* HomeViewController.swift in Sources */,
				B4A932402380930E00667AC5 /* EventsViewController.swift in Sources */,
				B4A932272380875D00667AC5 /* AppDelegate.swift in Sources */,
				B4A93246238098C600667AC5 /* EventTableViewCell.swift in Sources */,
				B4A9324B23809C2A00667AC5 /* EventsModelController.swift in Sources */,
				B4A9324923809B9E00667AC5 /* Event.swift in Sources */,
				B4A932292380875D00667AC5 /* SceneDelegate.swift in Sources */,
			);
			runOnlyForDeploymentPostprocessing = 0;
		};
/* End PBXSourcesBuildPhase section */

/* Begin PBXVariantGroup section */
		B4A9322C2380875D00667AC5 /* Main.storyboard */ = {
			isa = PBXVariantGroup;
			children = (
				B4A9322D2380875D00667AC5 /* Base */,
			);
			name = Main.storyboard;
			sourceTree = "<group>";
		};
		B4A932312380876100667AC5 /* LaunchScreen.storyboard */ = {
			isa = PBXVariantGroup;
			children = (
				B4A932322380876100667AC5 /* Base */,
			);
			name = LaunchScreen.storyboard;
			sourceTree = "<group>";
		};
/* End PBXVariantGroup section */

/* Begin XCBuildConfiguration section */
		B4A932352380876100667AC5 /* Debug */ = {
			isa = XCBuildConfiguration;
			buildSettings = {
				ALWAYS_SEARCH_USER_PATHS = NO;
				CLANG_ANALYZER_NONNULL = YES;
				CLANG_ANALYZER_NUMBER_OBJECT_CONVERSION = YES_AGGRESSIVE;
				CLANG_CXX_LANGUAGE_STANDARD = "gnu++14";
				CLANG_CXX_LIBRARY = "libc++";
				CLANG_ENABLE_MODULES = YES;
				CLANG_ENABLE_OBJC_ARC = YES;
				CLANG_ENABLE_OBJC_WEAK = YES;
				CLANG_WARN_BLOCK_CAPTURE_AUTORELEASING = YES;
				CLANG_WARN_BOOL_CONVERSION = YES;
				CLANG_WARN_COMMA = YES;
				CLANG_WARN_CONSTANT_CONVERSION = YES;
				CLANG_WARN_DEPRECATED_OBJC_IMPLEMENTATIONS = YES;
				CLANG_WARN_DIRECT_OBJC_ISA_USAGE = YES_ERROR;
				CLANG_WARN_DOCUMENTATION_COMMENTS = YES;
				CLANG_WARN_EMPTY_BODY = YES;
				CLANG_WARN_ENUM_CONVERSION = YES;
				CLANG_WARN_INFINITE_RECURSION = YES;
				CLANG_WARN_INT_CONVERSION = YES;
				CLANG_WARN_NON_LITERAL_NULL_CONVERSION = YES;
				CLANG_WARN_OBJC_IMPLICIT_RETAIN_SELF = YES;
				CLANG_WARN_OBJC_LITERAL_CONVERSION = YES;
				CLANG_WARN_OBJC_ROOT_CLASS = YES_ERROR;
				CLANG_WARN_RANGE_LOOP_ANALYSIS = YES;
				CLANG_WARN_STRICT_PROTOTYPES = YES;
				CLANG_WARN_SUSPICIOUS_MOVE = YES;
				CLANG_WARN_UNGUARDED_AVAILABILITY = YES_AGGRESSIVE;
				CLANG_WARN_UNREACHABLE_CODE = YES;
				CLANG_WARN__DUPLICATE_METHOD_MATCH = YES;
				COPY_PHASE_STRIP = NO;
				DEBUG_INFORMATION_FORMAT = dwarf;
				ENABLE_STRICT_OBJC_MSGSEND = YES;
				ENABLE_TESTABILITY = YES;
				GCC_C_LANGUAGE_STANDARD = gnu11;
				GCC_DYNAMIC_NO_PIC = NO;
				GCC_NO_COMMON_BLOCKS = YES;
				GCC_OPTIMIZATION_LEVEL = 0;
				GCC_PREPROCESSOR_DEFINITIONS = (
					"DEBUG=1",
					"$(inherited)",
				);
				GCC_WARN_64_TO_32_BIT_CONVERSION = YES;
				GCC_WARN_ABOUT_RETURN_TYPE = YES_ERROR;
				GCC_WARN_UNDECLARED_SELECTOR = YES;
				GCC_WARN_UNINITIALIZED_AUTOS = YES_AGGRESSIVE;
				GCC_WARN_UNUSED_FUNCTION = YES;
				GCC_WARN_UNUSED_VARIABLE = YES;
				IPHONEOS_DEPLOYMENT_TARGET = 13.2;
				MTL_ENABLE_DEBUG_INFO = INCLUDE_SOURCE;
				MTL_FAST_MATH = YES;
				ONLY_ACTIVE_ARCH = YES;
				SDKROOT = iphoneos;
				SWIFT_ACTIVE_COMPILATION_CONDITIONS = DEBUG;
				SWIFT_OPTIMIZATION_LEVEL = "-Onone";
			};
			name = Debug;
		};
		B4A932362380876100667AC5 /* Release */ = {
			isa = XCBuildConfiguration;
			buildSettings = {
				ALWAYS_SEARCH_USER_PATHS = NO;
				CLANG_ANALYZER_NONNULL = YES;
				CLANG_ANALYZER_NUMBER_OBJECT_CONVERSION = YES_AGGRESSIVE;
				CLANG_CXX_LANGUAGE_STANDARD = "gnu++14";
				CLANG_CXX_LIBRARY = "libc++";
				CLANG_ENABLE_MODULES = YES;
				CLANG_ENABLE_OBJC_ARC = YES;
				CLANG_ENABLE_OBJC_WEAK = YES;
				CLANG_WARN_BLOCK_CAPTURE_AUTORELEASING = YES;
				CLANG_WARN_BOOL_CONVERSION = YES;
				CLANG_WARN_COMMA = YES;
				CLANG_WARN_CONSTANT_CONVERSION = YES;
				CLANG_WARN_DEPRECATED_OBJC_IMPLEMENTATIONS = YES;
				CLANG_WARN_DIRECT_OBJC_ISA_USAGE = YES_ERROR;
				CLANG_WARN_DOCUMENTATION_COMMENTS = YES;
				CLANG_WARN_EMPTY_BODY = YES;
				CLANG_WARN_ENUM_CONVERSION = YES;
				CLANG_WARN_INFINITE_RECURSION = YES;
				CLANG_WARN_INT_CONVERSION = YES;
				CLANG_WARN_NON_LITERAL_NULL_CONVERSION = YES;
				CLANG_WARN_OBJC_IMPLICIT_RETAIN_SELF = YES;
				CLANG_WARN_OBJC_LITERAL_CONVERSION = YES;
				CLANG_WARN_OBJC_ROOT_CLASS = YES_ERROR;
				CLANG_WARN_RANGE_LOOP_ANALYSIS = YES;
				CLANG_WARN_STRICT_PROTOTYPES = YES;
				CLANG_WARN_SUSPICIOUS_MOVE = YES;
				CLANG_WARN_UNGUARDED_AVAILABILITY = YES_AGGRESSIVE;
				CLANG_WARN_UNREACHABLE_CODE = YES;
				CLANG_WARN__DUPLICATE_METHOD_MATCH = YES;
				COPY_PHASE_STRIP = NO;
				DEBUG_INFORMATION_FORMAT = "dwarf-with-dsym";
				ENABLE_NS_ASSERTIONS = NO;
				ENABLE_STRICT_OBJC_MSGSEND = YES;
				GCC_C_LANGUAGE_STANDARD = gnu11;
				GCC_NO_COMMON_BLOCKS = YES;
				GCC_WARN_64_TO_32_BIT_CONVERSION = YES;
				GCC_WARN_ABOUT_RETURN_TYPE = YES_ERROR;
				GCC_WARN_UNDECLARED_SELECTOR = YES;
				GCC_WARN_UNINITIALIZED_AUTOS = YES_AGGRESSIVE;
				GCC_WARN_UNUSED_FUNCTION = YES;
				GCC_WARN_UNUSED_VARIABLE = YES;
				IPHONEOS_DEPLOYMENT_TARGET = 13.2;
				MTL_ENABLE_DEBUG_INFO = NO;
				MTL_FAST_MATH = YES;
				SDKROOT = iphoneos;
				SWIFT_COMPILATION_MODE = wholemodule;
				SWIFT_OPTIMIZATION_LEVEL = "-O";
				VALIDATE_PRODUCT = YES;
			};
			name = Release;
		};
		B4A932382380876100667AC5 /* Debug */ = {
			isa = XCBuildConfiguration;
			buildSettings = {
				ASSETCATALOG_COMPILER_APPICON_NAME = AppIcon;
				CODE_SIGN_STYLE = Automatic;
				INFOPLIST_FILE = MusicEvents/Info.plist;
				LD_RUNPATH_SEARCH_PATHS = (
					"$(inherited)",
					"@executable_path/Frameworks",
				);
				PRODUCT_BUNDLE_IDENTIFIER = com.idevtv.MusicEvents;
				PRODUCT_NAME = "$(TARGET_NAME)";
				SWIFT_VERSION = 5.0;
				TARGETED_DEVICE_FAMILY = "1,2";
			};
			name = Debug;
		};
		B4A932392380876100667AC5 /* Release */ = {
			isa = XCBuildConfiguration;
			buildSettings = {
				ASSETCATALOG_COMPILER_APPICON_NAME = AppIcon;
				CODE_SIGN_STYLE = Automatic;
				INFOPLIST_FILE = MusicEvents/Info.plist;
				LD_RUNPATH_SEARCH_PATHS = (
					"$(inherited)",
					"@executable_path/Frameworks",
				);
				PRODUCT_BUNDLE_IDENTIFIER = com.idevtv.MusicEvents;
				PRODUCT_NAME = "$(TARGET_NAME)";
				SWIFT_VERSION = 5.0;
				TARGETED_DEVICE_FAMILY = "1,2";
			};
			name = Release;
		};
/* End XCBuildConfiguration section */

/* Begin XCConfigurationList section */
		B4A9321E2380875D00667AC5 /* Build configuration list for PBXProject "MusicEvents" */ = {
			isa = XCConfigurationList;
			buildConfigurations = (
				B4A932352380876100667AC5 /* Debug */,
				B4A932362380876100667AC5 /* Release */,
			);
			defaultConfigurationIsVisible = 0;
			defaultConfigurationName = Release;
		};
		B4A932372380876100667AC5 /* Build configuration list for PBXNativeTarget "MusicEvents" */ = {
			isa = XCConfigurationList;
			buildConfigurations = (
				B4A932382380876100667AC5 /* Debug */,
				B4A932392380876100667AC5 /* Release */,
			);
			defaultConfigurationIsVisible = 0;
			defaultConfigurationName = Release;
		};
/* End XCConfigurationList section */
	};
	rootObject = B4A9321B2380875D00667AC5 /* Project object */;
}
